
Microsoft Visual Studio Solution File, Format Version 12.00
# Visual Studio Version 17
VisualStudioVersion = 17.4.33205.214
MinimumVisualStudioVersion = 10.0.40219.1
Project("{FAE04EC0-301F-11D3-BF4B-00C04F79EFBC}") = "PPM_into_BMP", "PPM_into_BMP.csproj", "{2B7F35BD-A05B-4987-ACC8-C6EA0EB6AEEE}"
EndProject
Global
	GlobalSection(SolutionConfigurationPlatforms) = preSolution
		Debug|Any CPU = Debug|Any CPU
		Release|Any CPU = Release|Any CPU
	EndGlobalSection
	GlobalSection(ProjectConfigurationPlatforms) = postSolution
		{2B7F35BD-A05B-4987-ACC8-C6EA0EB6AEEE}.Debug|Any CPU.ActiveCfg = Debug|Any CPU
		{2B7F35BD-A05B-4987-ACC8-C6EA0EB6AEEE}.Debug|Any CPU.Build.0 = Debug|Any CPU
		{2B7F35BD-A05B-4987-ACC8-C6EA0EB6AEEE}.Release|Any CPU.ActiveCfg = Release|Any CPU
		{2B7F35BD-A05B-4987-ACC8-C6EA0EB6AEEE}.Release|Any CPU.Build.0 = Release|Any CPU
	EndGlobalSection
	GlobalSection(SolutionProperties) = preSolution
		HideSolutionNode = FALSE
	EndGlobalSection
	GlobalSection(ExtensibilityGlobals) = postSolution
		SolutionGuid = {0D4DC5DE-279B-4394-BE51-D373711948C7}
	EndGlobalSection
EndGlobal
