
Microsoft Visual Studio Solution File, Format Version 12.00
# Visual Studio Version 17
VisualStudioVersion = 17.4.33205.214
MinimumVisualStudioVersion = 10.0.40219.1
Project("{9A19103F-16F7-4668-BE54-9A1E7A4F7556}") = "Obj_reader", "Obj_reader.csproj", "{FB1C5C8D-8547-48A5-A29A-8B2DCF94068B}"
EndProject
Global
	GlobalSection(SolutionConfigurationPlatforms) = preSolution
		Debug|Any CPU = Debug|Any CPU
		Release|Any CPU = Release|Any CPU
	EndGlobalSection
	GlobalSection(ProjectConfigurationPlatforms) = postSolution
		{FB1C5C8D-8547-48A5-A29A-8B2DCF94068B}.Debug|Any CPU.ActiveCfg = Debug|Any CPU
		{FB1C5C8D-8547-48A5-A29A-8B2DCF94068B}.Debug|Any CPU.Build.0 = Debug|Any CPU
		{FB1C5C8D-8547-48A5-A29A-8B2DCF94068B}.Release|Any CPU.ActiveCfg = Release|Any CPU
		{FB1C5C8D-8547-48A5-A29A-8B2DCF94068B}.Release|Any CPU.Build.0 = Release|Any CPU
	EndGlobalSection
	GlobalSection(SolutionProperties) = preSolution
		HideSolutionNode = FALSE
	EndGlobalSection
	GlobalSection(ExtensibilityGlobals) = postSolution
		SolutionGuid = {4C7C7261-7071-4402-BCEF-69A79A03AB9B}
	EndGlobalSection
EndGlobal
